{
    "_readme": [
        "This file locks the dependencies of your project to a known state",
        "Read more about it at https://getcomposer.org/doc/01-basic-usage.md#installing-dependencies",
        "This file is @generated automatically"
    ],
    "content-hash": "d29dd404e781d19a16cf7d98d937a552",
    "packages": [
        {
            "name": "payrexx/payrexx",
            "version": "v1.7.4",
            "source": {
                "type": "git",
                "url": "https://github.com/payrexx/payrexx-php.git",
                "reference": "0cfdafe40e893b12df48d21cd83a5cf3c21b3055"
            },
            "dist": {
                "type": "zip",
                "url": "https://api.github.com/repos/payrexx/payrexx-php/zipball/0cfdafe40e893b12df48d21cd83a5cf3c21b3055",
                "reference": "0cfdafe40e893b12df48d21cd83a5cf3c21b3055",
                "shasum": ""
            },
            "require": {
                "php": ">=5.4"
            },
            "type": "library",
            "autoload": {
                "psr-0": {
                    "Payrexx": "lib/"
                }
            },
            "notification-url": "https://packagist.org/downloads/",
            "license": [
                "MIT"
            ],
            "authors": [
                {
                    "name": "Payrexx AG",
                    "homepage": "https://www.payrexx.com"
                }
            ],
            "description": "Payrexx PHPLib",
            "homepage": "https://www.payrexx.com",
            "keywords": [
                "gateway",
                "payment"
            ],
            "support": {
                "issues": "https://github.com/payrexx/payrexx-php/issues",
                "source": "https://github.com/payrexx/payrexx-php/tree/v1.7.4"
            },
            "time": "2021-03-11T15:59:11+00:00"
        }
    ],
    "packages-dev": [],
    "aliases": [],
    "minimum-stability": "stable",
    "stability-flags": [],
    "prefer-stable": false,
    "prefer-lowest": false,
    "platform": {
        "php": "^7.2 || ^8"
    },
    "platform-dev": [],
    "plugin-api-version": "2.1.0"
}
